
Microsoft Visual Studio Solution File, Format Version 12.00
# Visual Studio Version 17
VisualStudioVersion = 17.11.35327.3
MinimumVisualStudioVersion = 10.0.40219.1
Project("{FAE04EC0-301F-11D3-BF4B-00C04F79EFBC}") = "Menu", "Menu.csproj", "{E07DB63E-E80A-4E39-A218-0286A38649B4}"
EndProject
Global
	GlobalSection(SolutionConfigurationPlatforms) = preSolution
		Debug|Any CPU = Debug|Any CPU
		Release|Any CPU = Release|Any CPU
	EndGlobalSection
	GlobalSection(ProjectConfigurationPlatforms) = postSolution
		{E07DB63E-E80A-4E39-A218-0286A38649B4}.Debug|Any CPU.ActiveCfg = Debug|Any CPU
		{E07DB63E-E80A-4E39-A218-0286A38649B4}.Debug|Any CPU.Build.0 = Debug|Any CPU
		{E07DB63E-E80A-4E39-A218-0286A38649B4}.Release|Any CPU.ActiveCfg = Release|Any CPU
		{E07DB63E-E80A-4E39-A218-0286A38649B4}.Release|Any CPU.Build.0 = Release|Any CPU
	EndGlobalSection
	GlobalSection(SolutionProperties) = preSolution
		HideSolutionNode = FALSE
	EndGlobalSection
	GlobalSection(ExtensibilityGlobals) = postSolution
		SolutionGuid = {B4FA0D13-EBFC-40EF-A10E-94C3C549022A}
	EndGlobalSection
EndGlobal
